
Microsoft Visual Studio Solution File, Format Version 12.00
Project("{FAE04EC0-301F-11D3-BF4B-00C04F79EFBC}") = "PascalPlugin", "PascalPlugin\PascalPlugin.csproj", "{5D904BC0-5418-4576-AAE7-9E01FB88B561}"
EndProject
Project("{FAE04EC0-301F-11D3-BF4B-00C04F79EFBC}") = "Tests", "Tests\Tests.csproj", "{2BFC703F-6CA7-437E-8781-92A3C0376D46}"
EndProject
Global
	GlobalSection(SolutionConfigurationPlatforms) = preSolution
		Debug|Any CPU = Debug|Any CPU
		Release|Any CPU = Release|Any CPU
	EndGlobalSection
	GlobalSection(ProjectConfigurationPlatforms) = postSolution
		{5D904BC0-5418-4576-AAE7-9E01FB88B561}.Debug|Any CPU.ActiveCfg = Debug|Any CPU
		{5D904BC0-5418-4576-AAE7-9E01FB88B561}.Debug|Any CPU.Build.0 = Debug|Any CPU
		{5D904BC0-5418-4576-AAE7-9E01FB88B561}.Release|Any CPU.ActiveCfg = Release|Any CPU
		{5D904BC0-5418-4576-AAE7-9E01FB88B561}.Release|Any CPU.Build.0 = Release|Any CPU
		{2BFC703F-6CA7-437E-8781-92A3C0376D46}.Debug|Any CPU.ActiveCfg = Debug|Any CPU
		{2BFC703F-6CA7-437E-8781-92A3C0376D46}.Debug|Any CPU.Build.0 = Debug|Any CPU
		{2BFC703F-6CA7-437E-8781-92A3C0376D46}.Release|Any CPU.ActiveCfg = Release|Any CPU
		{2BFC703F-6CA7-437E-8781-92A3C0376D46}.Release|Any CPU.Build.0 = Release|Any CPU
	EndGlobalSection
EndGlobal
